
Microsoft Visual Studio Solution File, Format Version 12.00
# Visual Studio Version 17
VisualStudioVersion = 17.4.33205.214
MinimumVisualStudioVersion = 10.0.40219.1
Project("{8BC9CEB8-8B4A-11D0-8D11-00A0C91BC942}") = "Curso Algoritmos", "Curso Algoritmos.vcxproj", "{DF22D641-4640-486E-A051-ADE4E9E7EF80}"
EndProject
Global
	GlobalSection(SolutionConfigurationPlatforms) = preSolution
		Debug|x64 = Debug|x64
		Debug|x86 = Debug|x86
		Release|x64 = Release|x64
		Release|x86 = Release|x86
	EndGlobalSection
	GlobalSection(ProjectConfigurationPlatforms) = postSolution
		{DF22D641-4640-486E-A051-ADE4E9E7EF80}.Debug|x64.ActiveCfg = Debug|x64
		{DF22D641-4640-486E-A051-ADE4E9E7EF80}.Debug|x64.Build.0 = Debug|x64
		{DF22D641-4640-486E-A051-ADE4E9E7EF80}.Debug|x86.ActiveCfg = Debug|Win32
		{DF22D641-4640-486E-A051-ADE4E9E7EF80}.Debug|x86.Build.0 = Debug|Win32
		{DF22D641-4640-486E-A051-ADE4E9E7EF80}.Release|x64.ActiveCfg = Release|x64
		{DF22D641-4640-486E-A051-ADE4E9E7EF80}.Release|x64.Build.0 = Release|x64
		{DF22D641-4640-486E-A051-ADE4E9E7EF80}.Release|x86.ActiveCfg = Release|Win32
		{DF22D641-4640-486E-A051-ADE4E9E7EF80}.Release|x86.Build.0 = Release|Win32
	EndGlobalSection
	GlobalSection(SolutionProperties) = preSolution
		HideSolutionNode = FALSE
	EndGlobalSection
	GlobalSection(ExtensibilityGlobals) = postSolution
		SolutionGuid = {74AE8777-F42F-423D-B663-CE3E2C0552A0}
	EndGlobalSection
EndGlobal
